
Microsoft Visual Studio Solution File, Format Version 12.00
# Visual Studio Version 17
VisualStudioVersion = 17.10.34928.147
MinimumVisualStudioVersion = 10.0.40219.1
Project("{9A19103F-16F7-4668-BE54-9A1E7A4F7556}") = "BatterySimulatorConsole", "BatterySimulatorConsole\BatterySimulatorConsole.csproj", "{A8DF8811-A865-42CF-B4FF-2307B8152BFC}"
EndProject
Project("{9A19103F-16F7-4668-BE54-9A1E7A4F7556}") = "BatterySimulatorLib", "BatterySimulatorLib\BatterySimulatorLib.csproj", "{04F5C7F4-C44D-41E3-A63E-079598BE358A}"
EndProject
Project("{9A19103F-16F7-4668-BE54-9A1E7A4F7556}") = "SimulatorInterfaces", "SimulatorInterfaces\SimulatorInterfaces.csproj", "{86580AA3-223A-4CCE-8F6A-609322FA4C79}"
EndProject
Project("{9A19103F-16F7-4668-BE54-9A1E7A4F7556}") = "ACDeliverySimulatorLib", "ACDeliverySimulatorLib\ACDeliverySimulatorLib.csproj", "{CD9A1E10-3230-461B-8BDE-7B9E3E430316}"
EndProject
Project("{9A19103F-16F7-4668-BE54-9A1E7A4F7556}") = "ACDeliverySimulatorConsole", "ACDeliverySimulatorConsole\ACDeliverySimulatorConsole.csproj", "{7ABC9C75-3425-48AB-865F-032554A79604}"
EndProject
Project("{FAE04EC0-301F-11D3-BF4B-00C04F79EFBC}") = "PGridSimulatorWPF", "PGridSimulatorWPF\PGridSimulatorWPF.csproj", "{35156F4E-9EA8-4A3F-A9FB-0C9A17ADBA8D}"
EndProject
Global
	GlobalSection(SolutionConfigurationPlatforms) = preSolution
		Debug|Any CPU = Debug|Any CPU
		Debug|ARM64 = Debug|ARM64
		Debug|x64 = Debug|x64
		Debug|x86 = Debug|x86
		Release|Any CPU = Release|Any CPU
		Release|ARM64 = Release|ARM64
		Release|x64 = Release|x64
		Release|x86 = Release|x86
	EndGlobalSection
	GlobalSection(ProjectConfigurationPlatforms) = postSolution
		{A8DF8811-A865-42CF-B4FF-2307B8152BFC}.Debug|Any CPU.ActiveCfg = Debug|Any CPU
		{A8DF8811-A865-42CF-B4FF-2307B8152BFC}.Debug|Any CPU.Build.0 = Debug|Any CPU
		{A8DF8811-A865-42CF-B4FF-2307B8152BFC}.Debug|ARM64.ActiveCfg = Debug|Any CPU
		{A8DF8811-A865-42CF-B4FF-2307B8152BFC}.Debug|ARM64.Build.0 = Debug|Any CPU
		{A8DF8811-A865-42CF-B4FF-2307B8152BFC}.Debug|x64.ActiveCfg = Debug|Any CPU
		{A8DF8811-A865-42CF-B4FF-2307B8152BFC}.Debug|x64.Build.0 = Debug|Any CPU
		{A8DF8811-A865-42CF-B4FF-2307B8152BFC}.Debug|x86.ActiveCfg = Debug|Any CPU
		{A8DF8811-A865-42CF-B4FF-2307B8152BFC}.Debug|x86.Build.0 = Debug|Any CPU
		{A8DF8811-A865-42CF-B4FF-2307B8152BFC}.Release|Any CPU.ActiveCfg = Release|Any CPU
		{A8DF8811-A865-42CF-B4FF-2307B8152BFC}.Release|Any CPU.Build.0 = Release|Any CPU
		{A8DF8811-A865-42CF-B4FF-2307B8152BFC}.Release|ARM64.ActiveCfg = Release|Any CPU
		{A8DF8811-A865-42CF-B4FF-2307B8152BFC}.Release|ARM64.Build.0 = Release|Any CPU
		{A8DF8811-A865-42CF-B4FF-2307B8152BFC}.Release|x64.ActiveCfg = Release|Any CPU
		{A8DF8811-A865-42CF-B4FF-2307B8152BFC}.Release|x64.Build.0 = Release|Any CPU
		{A8DF8811-A865-42CF-B4FF-2307B8152BFC}.Release|x86.ActiveCfg = Release|Any CPU
		{A8DF8811-A865-42CF-B4FF-2307B8152BFC}.Release|x86.Build.0 = Release|Any CPU
		{04F5C7F4-C44D-41E3-A63E-079598BE358A}.Debug|Any CPU.ActiveCfg = Debug|Any CPU
		{04F5C7F4-C44D-41E3-A63E-079598BE358A}.Debug|Any CPU.Build.0 = Debug|Any CPU
		{04F5C7F4-C44D-41E3-A63E-079598BE358A}.Debug|ARM64.ActiveCfg = Debug|Any CPU
		{04F5C7F4-C44D-41E3-A63E-079598BE358A}.Debug|ARM64.Build.0 = Debug|Any CPU
		{04F5C7F4-C44D-41E3-A63E-079598BE358A}.Debug|x64.ActiveCfg = Debug|Any CPU
		{04F5C7F4-C44D-41E3-A63E-079598BE358A}.Debug|x64.Build.0 = Debug|Any CPU
		{04F5C7F4-C44D-41E3-A63E-079598BE358A}.Debug|x86.ActiveCfg = Debug|Any CPU
		{04F5C7F4-C44D-41E3-A63E-079598BE358A}.Debug|x86.Build.0 = Debug|Any CPU
		{04F5C7F4-C44D-41E3-A63E-079598BE358A}.Release|Any CPU.ActiveCfg = Release|Any CPU
		{04F5C7F4-C44D-41E3-A63E-079598BE358A}.Release|Any CPU.Build.0 = Release|Any CPU
		{04F5C7F4-C44D-41E3-A63E-079598BE358A}.Release|ARM64.ActiveCfg = Release|Any CPU
		{04F5C7F4-C44D-41E3-A63E-079598BE358A}.Release|ARM64.Build.0 = Release|Any CPU
		{04F5C7F4-C44D-41E3-A63E-079598BE358A}.Release|x64.ActiveCfg = Release|Any CPU
		{04F5C7F4-C44D-41E3-A63E-079598BE358A}.Release|x64.Build.0 = Release|Any CPU
		{04F5C7F4-C44D-41E3-A63E-079598BE358A}.Release|x86.ActiveCfg = Release|Any CPU
		{04F5C7F4-C44D-41E3-A63E-079598BE358A}.Release|x86.Build.0 = Release|Any CPU
		{86580AA3-223A-4CCE-8F6A-609322FA4C79}.Debug|Any CPU.ActiveCfg = Debug|Any CPU
		{86580AA3-223A-4CCE-8F6A-609322FA4C79}.Debug|Any CPU.Build.0 = Debug|Any CPU
		{86580AA3-223A-4CCE-8F6A-609322FA4C79}.Debug|ARM64.ActiveCfg = Debug|Any CPU
		{86580AA3-223A-4CCE-8F6A-609322FA4C79}.Debug|ARM64.Build.0 = Debug|Any CPU
		{86580AA3-223A-4CCE-8F6A-609322FA4C79}.Debug|x64.ActiveCfg = Debug|Any CPU
		{86580AA3-223A-4CCE-8F6A-609322FA4C79}.Debug|x64.Build.0 = Debug|Any CPU
		{86580AA3-223A-4CCE-8F6A-609322FA4C79}.Debug|x86.ActiveCfg = Debug|Any CPU
		{86580AA3-223A-4CCE-8F6A-609322FA4C79}.Debug|x86.Build.0 = Debug|Any CPU
		{86580AA3-223A-4CCE-8F6A-609322FA4C79}.Release|Any CPU.ActiveCfg = Release|Any CPU
		{86580AA3-223A-4CCE-8F6A-609322FA4C79}.Release|Any CPU.Build.0 = Release|Any CPU
		{86580AA3-223A-4CCE-8F6A-609322FA4C79}.Release|ARM64.ActiveCfg = Release|Any CPU
		{86580AA3-223A-4CCE-8F6A-609322FA4C79}.Release|ARM64.Build.0 = Release|Any CPU
		{86580AA3-223A-4CCE-8F6A-609322FA4C79}.Release|x64.ActiveCfg = Release|Any CPU
		{86580AA3-223A-4CCE-8F6A-609322FA4C79}.Release|x64.Build.0 = Release|Any CPU
		{86580AA3-223A-4CCE-8F6A-609322FA4C79}.Release|x86.ActiveCfg = Release|Any CPU
		{86580AA3-223A-4CCE-8F6A-609322FA4C79}.Release|x86.Build.0 = Release|Any CPU
		{CD9A1E10-3230-461B-8BDE-7B9E3E430316}.Debug|Any CPU.ActiveCfg = Debug|Any CPU
		{CD9A1E10-3230-461B-8BDE-7B9E3E430316}.Debug|Any CPU.Build.0 = Debug|Any CPU
		{CD9A1E10-3230-461B-8BDE-7B9E3E430316}.Debug|ARM64.ActiveCfg = Debug|Any CPU
		{CD9A1E10-3230-461B-8BDE-7B9E3E430316}.Debug|ARM64.Build.0 = Debug|Any CPU
		{CD9A1E10-3230-461B-8BDE-7B9E3E430316}.Debug|x64.ActiveCfg = Debug|Any CPU
		{CD9A1E10-3230-461B-8BDE-7B9E3E430316}.Debug|x64.Build.0 = Debug|Any CPU
		{CD9A1E10-3230-461B-8BDE-7B9E3E430316}.Debug|x86.ActiveCfg = Debug|Any CPU
		{CD9A1E10-3230-461B-8BDE-7B9E3E430316}.Debug|x86.Build.0 = Debug|Any CPU
		{CD9A1E10-3230-461B-8BDE-7B9E3E430316}.Release|Any CPU.ActiveCfg = Release|Any CPU
		{CD9A1E10-3230-461B-8BDE-7B9E3E430316}.Release|Any CPU.Build.0 = Release|Any CPU
		{CD9A1E10-3230-461B-8BDE-7B9E3E430316}.Release|ARM64.ActiveCfg = Release|Any CPU
		{CD9A1E10-3230-461B-8BDE-7B9E3E430316}.Release|ARM64.Build.0 = Release|Any CPU
		{CD9A1E10-3230-461B-8BDE-7B9E3E430316}.Release|x64.ActiveCfg = Release|Any CPU
		{CD9A1E10-3230-461B-8BDE-7B9E3E430316}.Release|x64.Build.0 = Release|Any CPU
		{CD9A1E10-3230-461B-8BDE-7B9E3E430316}.Release|x86.ActiveCfg = Release|Any CPU
		{CD9A1E10-3230-461B-8BDE-7B9E3E430316}.Release|x86.Build.0 = Release|Any CPU
		{7ABC9C75-3425-48AB-865F-032554A79604}.Debug|Any CPU.ActiveCfg = Debug|Any CPU
		{7ABC9C75-3425-48AB-865F-032554A79604}.Debug|Any CPU.Build.0 = Debug|Any CPU
		{7ABC9C75-3425-48AB-865F-032554A79604}.Debug|ARM64.ActiveCfg = Debug|Any CPU
		{7ABC9C75-3425-48AB-865F-032554A79604}.Debug|ARM64.Build.0 = Debug|Any CPU
		{7ABC9C75-3425-48AB-865F-032554A79604}.Debug|x64.ActiveCfg = Debug|Any CPU
		{7ABC9C75-3425-48AB-865F-032554A79604}.Debug|x64.Build.0 = Debug|Any CPU
		{7ABC9C75-3425-48AB-865F-032554A79604}.Debug|x86.ActiveCfg = Debug|Any CPU
		{7ABC9C75-3425-48AB-865F-032554A79604}.Debug|x86.Build.0 = Debug|Any CPU
		{7ABC9C75-3425-48AB-865F-032554A79604}.Release|Any CPU.ActiveCfg = Release|Any CPU
		{7ABC9C75-3425-48AB-865F-032554A79604}.Release|Any CPU.Build.0 = Release|Any CPU
		{7ABC9C75-3425-48AB-865F-032554A79604}.Release|ARM64.ActiveCfg = Release|Any CPU
		{7ABC9C75-3425-48AB-865F-032554A79604}.Release|ARM64.Build.0 = Release|Any CPU
		{7ABC9C75-3425-48AB-865F-032554A79604}.Release|x64.ActiveCfg = Release|Any CPU
		{7ABC9C75-3425-48AB-865F-032554A79604}.Release|x64.Build.0 = Release|Any CPU
		{7ABC9C75-3425-48AB-865F-032554A79604}.Release|x86.ActiveCfg = Release|Any CPU
		{7ABC9C75-3425-48AB-865F-032554A79604}.Release|x86.Build.0 = Release|Any CPU
		{35156F4E-9EA8-4A3F-A9FB-0C9A17ADBA8D}.Debug|Any CPU.ActiveCfg = Debug|Any CPU
		{35156F4E-9EA8-4A3F-A9FB-0C9A17ADBA8D}.Debug|Any CPU.Build.0 = Debug|Any CPU
		{35156F4E-9EA8-4A3F-A9FB-0C9A17ADBA8D}.Debug|ARM64.ActiveCfg = Debug|Any CPU
		{35156F4E-9EA8-4A3F-A9FB-0C9A17ADBA8D}.Debug|ARM64.Build.0 = Debug|Any CPU
		{35156F4E-9EA8-4A3F-A9FB-0C9A17ADBA8D}.Debug|x64.ActiveCfg = Debug|Any CPU
		{35156F4E-9EA8-4A3F-A9FB-0C9A17ADBA8D}.Debug|x64.Build.0 = Debug|Any CPU
		{35156F4E-9EA8-4A3F-A9FB-0C9A17ADBA8D}.Debug|x86.ActiveCfg = Debug|Any CPU
		{35156F4E-9EA8-4A3F-A9FB-0C9A17ADBA8D}.Debug|x86.Build.0 = Debug|Any CPU
		{35156F4E-9EA8-4A3F-A9FB-0C9A17ADBA8D}.Release|Any CPU.ActiveCfg = Release|Any CPU
		{35156F4E-9EA8-4A3F-A9FB-0C9A17ADBA8D}.Release|Any CPU.Build.0 = Release|Any CPU
		{35156F4E-9EA8-4A3F-A9FB-0C9A17ADBA8D}.Release|ARM64.ActiveCfg = Release|Any CPU
		{35156F4E-9EA8-4A3F-A9FB-0C9A17ADBA8D}.Release|ARM64.Build.0 = Release|Any CPU
		{35156F4E-9EA8-4A3F-A9FB-0C9A17ADBA8D}.Release|x64.ActiveCfg = Release|Any CPU
		{35156F4E-9EA8-4A3F-A9FB-0C9A17ADBA8D}.Release|x64.Build.0 = Release|Any CPU
		{35156F4E-9EA8-4A3F-A9FB-0C9A17ADBA8D}.Release|x86.ActiveCfg = Release|Any CPU
		{35156F4E-9EA8-4A3F-A9FB-0C9A17ADBA8D}.Release|x86.Build.0 = Release|Any CPU
	EndGlobalSection
	GlobalSection(SolutionProperties) = preSolution
		HideSolutionNode = FALSE
	EndGlobalSection
	GlobalSection(ExtensibilityGlobals) = postSolution
		SolutionGuid = {5D52FD4A-84DC-4998-B955-F0A0E7A82700}
	EndGlobalSection
EndGlobal
